
Microsoft Visual Studio Solution File, Format Version 12.00
# Visual Studio 15
VisualStudioVersion = 15.0.27130.2010
MinimumVisualStudioVersion = 10.0.40219.1
Project("{9A19103F-16F7-4668-BE54-9A1E7A4F7556}") = "Motorsports.Scaffolding.Core", "Motorsports.Scaffolding.Core\Motorsports.Scaffolding.Core.csproj", "{CFC8D2E7-AD6E-4AA6-9D20-647C97C6C896}"
EndProject
Project("{00D1A9C2-B5F0-4AF3-8072-F6C62B433612}") = "Db", "Db\Db.sqlproj", "{EDA0B22A-9312-435E-AAF3-F8BCB8CED2D7}"
EndProject
Global
	GlobalSection(SolutionConfigurationPlatforms) = preSolution
		Debug|Any CPU = Debug|Any CPU
		Release|Any CPU = Release|Any CPU
	EndGlobalSection
	GlobalSection(ProjectConfigurationPlatforms) = postSolution
		{CFC8D2E7-AD6E-4AA6-9D20-647C97C6C896}.Debug|Any CPU.ActiveCfg = Debug|Any CPU
		{CFC8D2E7-AD6E-4AA6-9D20-647C97C6C896}.Debug|Any CPU.Build.0 = Debug|Any CPU
		{CFC8D2E7-AD6E-4AA6-9D20-647C97C6C896}.Release|Any CPU.ActiveCfg = Release|Any CPU
		{CFC8D2E7-AD6E-4AA6-9D20-647C97C6C896}.Release|Any CPU.Build.0 = Release|Any CPU
		{EDA0B22A-9312-435E-AAF3-F8BCB8CED2D7}.Debug|Any CPU.ActiveCfg = Debug|Any CPU
		{EDA0B22A-9312-435E-AAF3-F8BCB8CED2D7}.Debug|Any CPU.Build.0 = Debug|Any CPU
		{EDA0B22A-9312-435E-AAF3-F8BCB8CED2D7}.Debug|Any CPU.Deploy.0 = Debug|Any CPU
		{EDA0B22A-9312-435E-AAF3-F8BCB8CED2D7}.Release|Any CPU.ActiveCfg = Release|Any CPU
		{EDA0B22A-9312-435E-AAF3-F8BCB8CED2D7}.Release|Any CPU.Build.0 = Release|Any CPU
		{EDA0B22A-9312-435E-AAF3-F8BCB8CED2D7}.Release|Any CPU.Deploy.0 = Release|Any CPU
	EndGlobalSection
	GlobalSection(SolutionProperties) = preSolution
		HideSolutionNode = FALSE
	EndGlobalSection
	GlobalSection(ExtensibilityGlobals) = postSolution
		SolutionGuid = {71299022-56A7-48E5-9AC4-7F11070B575E}
	EndGlobalSection
EndGlobal
